// !$*UTF8*$!
{
	archiveVersion = 1;
	classes = {
	};
	objectVersion = 51;
	objects = {

/* Begin PBXBuildFile section */
		4D07329B228D4C6A008DCADC /* AppDelegate.m in Sources */ = {isa = PBXBuildFile; fileRef = 4D07329A228D4C6A008DCADC /* AppDelegate.m */; };
		4D0732A1228D4C6A008DCADC /* Main.storyboard in Resources */ = {isa = PBXBuildFile; fileRef = 4D07329F228D4C6A008DCADC /* Main.storyboard */; };
		4D0732A4228D4C6A008DCADC /* TemplateFromH.xcdatamodeld in Sources */ = {isa = PBXBuildFile; fileRef = 4D0732A2228D4C6A008DCADC /* TemplateFromH.xcdatamodeld */; };
		4D0732A6228D4C6C008DCADC /* Assets.xcassets in Resources */ = {isa = PBXBuildFile; fileRef = 4D0732A5228D4C6C008DCADC /* Assets.xcassets */; };
		4D0732A9228D4C6C008DCADC /* LaunchScreen.storyboard in Resources */ = {isa = PBXBuildFile; fileRef = 4D0732A7228D4C6C008DCADC /* LaunchScreen.storyboard */; };
		4D0732AC228D4C6C008DCADC /* main.m in Sources */ = {isa = PBXBuildFile; fileRef = 4D0732AB228D4C6C008DCADC /* main.m */; };
		4D0732B6228D4C6C008DCADC /* TemplateFromHTests.m in Sources */ = {isa = PBXBuildFile; fileRef = 4D0732B5228D4C6C008DCADC /* TemplateFromHTests.m */; };
		4D0732C1228D4C6C008DCADC /* TemplateFromHUITests.m in Sources */ = {isa = PBXBuildFile; fileRef = 4D0732C0228D4C6C008DCADC /* TemplateFromHUITests.m */; };
		4D0732D1228D4D7B008DCADC /* CoreDataStack.m in Sources */ = {isa = PBXBuildFile; fileRef = 4D0732D0228D4D7B008DCADC /* CoreDataStack.m */; };
		4D0732E8228D7281008DCADC /* BaseViewController.m in Sources */ = {isa = PBXBuildFile; fileRef = 4D0732E7228D7281008DCADC /* BaseViewController.m */; };
		4D0732EB228D7293008DCADC /* EverViewController.m in Sources */ = {isa = PBXBuildFile; fileRef = 4D0732EA228D7293008DCADC /* EverViewController.m */; };
		4D0732EE228D72A5008DCADC /* NowViewController.m in Sources */ = {isa = PBXBuildFile; fileRef = 4D0732ED228D72A5008DCADC /* NowViewController.m */; };
		4D0732F1228D72B1008DCADC /* AfterViewController.m in Sources */ = {isa = PBXBuildFile; fileRef = 4D0732F0228D72B1008DCADC /* AfterViewController.m */; };
		4D0732F4228D72F8008DCADC /* RootTabBarController.m in Sources */ = {isa = PBXBuildFile; fileRef = 4D0732F3228D72F8008DCADC /* RootTabBarController.m */; };
		4D0732FA228D746B008DCADC /* UIColor+Hex.m in Sources */ = {isa = PBXBuildFile; fileRef = 4D0732F9228D746B008DCADC /* UIColor+Hex.m */; };
		4D0732FD228D75F9008DCADC /* RootNavigationController.m in Sources */ = {isa = PBXBuildFile; fileRef = 4D0732FC228D75F9008DCADC /* RootNavigationController.m */; };
		4D073300228E4736008DCADC /* NSNumber+AutoFit.m in Sources */ = {isa = PBXBuildFile; fileRef = 4D0732FF228E4736008DCADC /* NSNumber+AutoFit.m */; };
		4D073303228E5B47008DCADC /* CustomTabBar.m in Sources */ = {isa = PBXBuildFile; fileRef = 4D073302228E5B47008DCADC /* CustomTabBar.m */; };
		4D073307228E651A008DCADC /* UIView+Location.m in Sources */ = {isa = PBXBuildFile; fileRef = 4D073306228E651A008DCADC /* UIView+Location.m */; };
		4DBBA1032293F7760061742C /* LoginView.m in Sources */ = {isa = PBXBuildFile; fileRef = 4DBBA1022293F7760061742C /* LoginView.m */; };
		4DBBA1062293F89A0061742C /* AccountLoginManager.m in Sources */ = {isa = PBXBuildFile; fileRef = 4DBBA1052293F89A0061742C /* AccountLoginManager.m */; };
		4DBBA10D229692840061742C /* WSMovieController.m in Sources */ = {isa = PBXBuildFile; fileRef = 4DBBA10A229692830061742C /* WSMovieController.m */; };
		4DBBA10E229692840061742C /* qidong.mp4 in Resources */ = {isa = PBXBuildFile; fileRef = 4DBBA10B229692830061742C /* qidong.mp4 */; };
		4DBBA110229692D30061742C /* MediaPlayer.framework in Frameworks */ = {isa = PBXBuildFile; fileRef = 4DBBA10F229692D30061742C /* MediaPlayer.framework */; };
		4DBBA13022969B7F0061742C /* TBCalendar.swift in Sources */ = {isa = PBXBuildFile; fileRef = 4DBBA11322969B7F0061742C /* TBCalendar.swift */; };
		4DBBA13122969B7F0061742C /* Foundation+Extension.swift in Sources */ = {isa = PBXBuildFile; fileRef = 4DBBA11422969B7F0061742C /* Foundation+Extension.swift */; };
		4DBBA13222969B7F0061742C /* TBCalendarDateCell.swift in Sources */ = {isa = PBXBuildFile; fileRef = 4DBBA11522969B7F0061742C /* TBCalendarDateCell.swift */; };
		4DBBA13322969B7F0061742C /* Const.swift in Sources */ = {isa = PBXBuildFile; fileRef = 4DBBA11622969B7F0061742C /* Const.swift */; };
		4DBBA13422969B7F0061742C /* TBCalendarAppearStyle.swift in Sources */ = {isa = PBXBuildFile; fileRef = 4DBBA11722969B7F0061742C /* TBCalendarAppearStyle.swift */; };
		4DBBA13522969B7F0061742C /* TBCalendarHeaderView.swift in Sources */ = {isa = PBXBuildFile; fileRef = 4DBBA11822969B7F0061742C /* TBCalendarHeaderView.swift */; };
		4DBBA13622969B7F0061742C /* MyNSString.swift in Sources */ = {isa = PBXBuildFile; fileRef = 4DBBA11A22969B7F0061742C /* MyNSString.swift */; };
		4DBBA13722969B7F0061742C /* PopTextView.swift in Sources */ = {isa = PBXBuildFile; fileRef = 4DBBA11B22969B7F0061742C /* PopTextView.swift */; };
		4DBBA13822969B7F0061742C /* PopRadioButtonView.swift in Sources */ = {isa = PBXBuildFile; fileRef = 4DBBA11C22969B7F0061742C /* PopRadioButtonView.swift */; };
		4DBBA13922969B7F0061742C /* SlideView.swift in Sources */ = {isa = PBXBuildFile; fileRef = 4DBBA11D22969B7F0061742C /* SlideView.swift */; };
		4DBBA13A22969B7F0061742C /* ZHFCalendarView.swift in Sources */ = {isa = PBXBuildFile; fileRef = 4DBBA11E22969B7F0061742C /* ZHFCalendarView.swift */; };
		4DBBA13B22969B7F0061742C /* UpDownView.swift in Sources */ = {isa = PBXBuildFile; fileRef = 4DBBA11F22969B7F0061742C /* UpDownView.swift */; };
		4DBBA13C22969B7F0061742C /* PopTopOrBottomOutView.swift in Sources */ = {isa = PBXBuildFile; fileRef = 4DBBA12022969B7F0061742C /* PopTopOrBottomOutView.swift */; };
		4DBBA13D22969B7F0061742C /* ZHFColor.swift in Sources */ = {isa = PBXBuildFile; fileRef = 4DBBA12122969B7F0061742C /* ZHFColor.swift */; };
		4DBBA13E22969B7F0061742C /* PopImageView.swift in Sources */ = {isa = PBXBuildFile; fileRef = 4DBBA12222969B7F0061742C /* PopImageView.swift */; };
		4DBBA13F22969B7F0061742C /* PopBackGroundView.swift in Sources */ = {isa = PBXBuildFile; fileRef = 4DBBA12422969B7F0061742C /* PopBackGroundView.swift */; };
		4DBBA14022969B7F0061742C /* open_boxA.gif in Resources */ = {isa = PBXBuildFile; fileRef = 4DBBA12522969B7F0061742C /* open_boxA.gif */; };
		4DBBA14122969B7F0061742C /* OpenBoxView.swift in Sources */ = {isa = PBXBuildFile; fileRef = 4DBBA12622969B7F0061742C /* OpenBoxView.swift */; };
		4DBBA14222969B7F0061742C /* PopAwayOpenBackGroundView.swift in Sources */ = {isa = PBXBuildFile; fileRef = 4DBBA12722969B7F0061742C /* PopAwayOpenBackGroundView.swift */; };
		4DBBA14322969B7F0061742C /* PopDiseaseView.swift in Sources */ = {isa = PBXBuildFile; fileRef = 4DBBA12822969B7F0061742C /* PopDiseaseView.swift */; };
		4DBBA14422969B7F0061742C /* SlideWhiteViewSubView.swift in Sources */ = {isa = PBXBuildFile; fileRef = 4DBBA12922969B7F0061742C /* SlideWhiteViewSubView.swift */; };
		4DBBA14522969B7F0061742C /* PopSmallChangeBigFatherView.swift in Sources */ = {isa = PBXBuildFile; fileRef = 4DBBA12A22969B7F0061742C /* PopSmallChangeBigFatherView.swift */; };
		4DBBA14622969B7F0061742C /* PopSomeColorView.swift in Sources */ = {isa = PBXBuildFile; fileRef = 4DBBA12B22969B7F0061742C /* PopSomeColorView.swift */; };
		4DBBA14722969B7F0061742C /* ZHFAlertControllerTool.swift in Sources */ = {isa = PBXBuildFile; fileRef = 4DBBA12C22969B7F0061742C /* ZHFAlertControllerTool.swift */; };
		4DBBA14822969B7F0061742C /* PopCheckboxButtonView.swift in Sources */ = {isa = PBXBuildFile; fileRef = 4DBBA12D22969B7F0061742C /* PopCheckboxButtonView.swift */; };
		4DBBA14922969B7F0061742C /* CalendarView.swift in Sources */ = {isa = PBXBuildFile; fileRef = 4DBBA12E22969B7F0061742C /* CalendarView.swift */; };
		4DBBA14A22969B7F0061742C /* PopProgressBar.swift in Sources */ = {isa = PBXBuildFile; fileRef = 4DBBA12F22969B7F0061742C /* PopProgressBar.swift */; };
		4DD8F640228EA09300FB8DE7 /* NSString+Judge.m in Sources */ = {isa = PBXBuildFile; fileRef = 4DD8F63F228EA09300FB8DE7 /* NSString+Judge.m */; };
		4DD8F645228EA7D200FB8DE7 /* DetailViewController.m in Sources */ = {isa = PBXBuildFile; fileRef = 4DD8F644228EA7D200FB8DE7 /* DetailViewController.m */; };
		4DD8F64A2292578600FB8DE7 /* JHScrollView.m in Sources */ = {isa = PBXBuildFile; fileRef = 4DD8F6492292578600FB8DE7 /* JHScrollView.m */; };
		4DD8F64D2292583700FB8DE7 /* JHScrollViewFlowLayou.m in Sources */ = {isa = PBXBuildFile; fileRef = 4DD8F64C2292583700FB8DE7 /* JHScrollViewFlowLayou.m */; };
		4DD8F6502292588900FB8DE7 /* JHCollectionViewCell.m in Sources */ = {isa = PBXBuildFile; fileRef = 4DD8F64F2292588900FB8DE7 /* JHCollectionViewCell.m */; };
		4DD8F65622925BE500FB8DE7 /* UIImage+CaptureScreen.m in Sources */ = {isa = PBXBuildFile; fileRef = 4DD8F65522925BE500FB8DE7 /* UIImage+CaptureScreen.m */; };
		4DD8F66322925D4300FB8DE7 /* ZYBundle.bundle in Resources */ = {isa = PBXBuildFile; fileRef = 4DD8F65A22925D4300FB8DE7 /* ZYBundle.bundle */; };
		4DD8F66422925D4300FB8DE7 /* ZYImagePicker.m in Sources */ = {isa = PBXBuildFile; fileRef = 4DD8F65E22925D4300FB8DE7 /* ZYImagePicker.m */; };
		4DD8F66522925D4300FB8DE7 /* UIImagePickerController+ZY.m in Sources */ = {isa = PBXBuildFile; fileRef = 4DD8F65F22925D4300FB8DE7 /* UIImagePickerController+ZY.m */; };
		4DD8F66622925D4300FB8DE7 /* ZYFormData.m in Sources */ = {isa = PBXBuildFile; fileRef = 4DD8F66022925D4300FB8DE7 /* ZYFormData.m */; };
		4DD8F66722925D4300FB8DE7 /* ZYCropImageController.m in Sources */ = {isa = PBXBuildFile; fileRef = 4DD8F66122925D4300FB8DE7 /* ZYCropImageController.m */; };
		4DD8F66822925D4300FB8DE7 /* ZYLocalizableManager.m in Sources */ = {isa = PBXBuildFile; fileRef = 4DD8F66222925D4300FB8DE7 /* ZYLocalizableManager.m */; };
		4E0B71926C460FC6112DDE0A /* libPods-TemplateFromH.a in Frameworks */ = {isa = PBXBuildFile; fileRef = E76724EFC6D1473A87BAFE11 /* libPods-TemplateFromH.a */; };
/* End PBXBuildFile section */

/* Begin PBXContainerItemProxy section */
		4D0732B2228D4C6C008DCADC /* PBXContainerItemProxy */ = {
			isa = PBXContainerItemProxy;
			containerPortal = 4D07328E228D4C6A008DCADC /* Project object */;
			proxyType = 1;
			remoteGlobalIDString = 4D073295228D4C6A008DCADC;
			remoteInfo = TemplateFromH;
		};
		4D0732BD228D4C6C008DCADC /* PBXContainerItemProxy */ = {
			isa = PBXContainerItemProxy;
			containerPortal = 4D07328E228D4C6A008DCADC /* Project object */;
			proxyType = 1;
			remoteGlobalIDString = 4D073295228D4C6A008DCADC;
			remoteInfo = TemplateFromH;
		};
/* End PBXContainerItemProxy section */

/* Begin PBXFileReference section */
		19682DF6B7CC762FEF2DE89A /* Pods-TemplateFromH.release.xcconfig */ = {isa = PBXFileReference; includeInIndex = 1; lastKnownFileType = text.xcconfig; name = "Pods-TemplateFromH.release.xcconfig"; path = "Target Support Files/Pods-TemplateFromH/Pods-TemplateFromH.release.xcconfig"; sourceTree = "<group>"; };
		4D073296228D4C6A008DCADC /* TemplateFromH.app */ = {isa = PBXFileReference; explicitFileType = wrapper.application; includeInIndex = 0; path = TemplateFromH.app; sourceTree = BUILT_PRODUCTS_DIR; };
		4D073299228D4C6A008DCADC /* AppDelegate.h */ = {isa = PBXFileReference; lastKnownFileType = sourcecode.c.h; path = AppDelegate.h; sourceTree = "<group>"; };
		4D07329A228D4C6A008DCADC /* AppDelegate.m */ = {isa = PBXFileReference; lastKnownFileType = sourcecode.c.objc; path = AppDelegate.m; sourceTree = "<group>"; };
		4D0732A0228D4C6A008DCADC /* Base */ = {isa = PBXFileReference; lastKnownFileType = file.storyboard; name = Base; path = Base.lproj/Main.storyboard; sourceTree = "<group>"; };
		4D0732A3228D4C6A008DCADC /* TemplateFromH.xcdatamodel */ = {isa = PBXFileReference; lastKnownFileType = wrapper.xcdatamodel; path = TemplateFromH.xcdatamodel; sourceTree = "<group>"; };
		4D0732A5228D4C6C008DCADC /* Assets.xcassets */ = {isa = PBXFileReference; lastKnownFileType = folder.assetcatalog; path = Assets.xcassets; sourceTree = "<group>"; };
		4D0732A8228D4C6C008DCADC /* Base */ = {isa = PBXFileReference; lastKnownFileType = file.storyboard; name = Base; path = Base.lproj/LaunchScreen.storyboard; sourceTree = "<group>"; };
		4D0732AA228D4C6C008DCADC /* Info.plist */ = {isa = PBXFileReference; lastKnownFileType = text.plist.xml; path = Info.plist; sourceTree = "<group>"; };
		4D0732AB228D4C6C008DCADC /* main.m */ = {isa = PBXFileReference; lastKnownFileType = sourcecode.c.objc; path = main.m; sourceTree = "<group>"; };
		4D0732B1228D4C6C008DCADC /* TemplateFromHTests.xctest */ = {isa = PBXFileReference; explicitFileType = wrapper.cfbundle; includeInIndex = 0; path = TemplateFromHTests.xctest; sourceTree = BUILT_PRODUCTS_DIR; };
		4D0732B5228D4C6C008DCADC /* TemplateFromHTests.m */ = {isa = PBXFileReference; lastKnownFileType = sourcecode.c.objc; path = TemplateFromHTests.m; sourceTree = "<group>"; };
		4D0732B7228D4C6C008DCADC /* Info.plist */ = {isa = PBXFileReference; lastKnownFileType = text.plist.xml; path = Info.plist; sourceTree = "<group>"; };
		4D0732BC228D4C6C008DCADC /* TemplateFromHUITests.xctest */ = {isa = PBXFileReference; explicitFileType = wrapper.cfbundle; includeInIndex = 0; path = TemplateFromHUITests.xctest; sourceTree = BUILT_PRODUCTS_DIR; };
		4D0732C0228D4C6C008DCADC /* TemplateFromHUITests.m */ = {isa = PBXFileReference; lastKnownFileType = sourcecode.c.objc; path = TemplateFromHUITests.m; sourceTree = "<group>"; };
		4D0732C2228D4C6C008DCADC /* Info.plist */ = {isa = PBXFileReference; lastKnownFileType = text.plist.xml; path = Info.plist; sourceTree = "<group>"; };
		4D0732CF228D4D7B008DCADC /* CoreDataStack.h */ = {isa = PBXFileReference; lastKnownFileType = sourcecode.c.h; path = CoreDataStack.h; sourceTree = "<group>"; };
		4D0732D0228D4D7B008DCADC /* CoreDataStack.m */ = {isa = PBXFileReference; lastKnownFileType = sourcecode.c.objc; path = CoreDataStack.m; sourceTree = "<group>"; };
		4D0732E6228D7281008DCADC /* BaseViewController.h */ = {isa = PBXFileReference; lastKnownFileType = sourcecode.c.h; path = BaseViewController.h; sourceTree = "<group>"; };
		4D0732E7228D7281008DCADC /* BaseViewController.m */ = {isa = PBXFileReference; lastKnownFileType = sourcecode.c.objc; path = BaseViewController.m; sourceTree = "<group>"; };
		4D0732E9228D7293008DCADC /* EverViewController.h */ = {isa = PBXFileReference; lastKnownFileType = sourcecode.c.h; path = EverViewController.h; sourceTree = "<group>"; };
		4D0732EA228D7293008DCADC /* EverViewController.m */ = {isa = PBXFileReference; lastKnownFileType = sourcecode.c.objc; path = EverViewController.m; sourceTree = "<group>"; };
		4D0732EC228D72A5008DCADC /* NowViewController.h */ = {isa = PBXFileReference; lastKnownFileType = sourcecode.c.h; path = NowViewController.h; sourceTree = "<group>"; };
		4D0732ED228D72A5008DCADC /* NowViewController.m */ = {isa = PBXFileReference; lastKnownFileType = sourcecode.c.objc; path = NowViewController.m; sourceTree = "<group>"; };
		4D0732EF228D72B1008DCADC /* AfterViewController.h */ = {isa = PBXFileReference; lastKnownFileType = sourcecode.c.h; path = AfterViewController.h; sourceTree = "<group>"; };
		4D0732F0228D72B1008DCADC /* AfterViewController.m */ = {isa = PBXFileReference; lastKnownFileType = sourcecode.c.objc; path = AfterViewController.m; sourceTree = "<group>"; };
		4D0732F2228D72F8008DCADC /* RootTabBarController.h */ = {isa = PBXFileReference; lastKnownFileType = sourcecode.c.h; path = RootTabBarController.h; sourceTree = "<group>"; };
		4D0732F3228D72F8008DCADC /* RootTabBarController.m */ = {isa = PBXFileReference; lastKnownFileType = sourcecode.c.objc; path = RootTabBarController.m; sourceTree = "<group>"; };
		4D0732F5228D7344008DCADC /* AppHeader.h */ = {isa = PBXFileReference; lastKnownFileType = sourcecode.c.h; path = AppHeader.h; sourceTree = "<group>"; };
		4D0732F6228D73E7008DCADC /* AppDefine.h */ = {isa = PBXFileReference; lastKnownFileType = sourcecode.c.h; path = AppDefine.h; sourceTree = "<group>"; };
		4D0732F8228D746B008DCADC /* UIColor+Hex.h */ = {isa = PBXFileReference; lastKnownFileType = sourcecode.c.h; path = "UIColor+Hex.h"; sourceTree = "<group>"; };
		4D0732F9228D746B008DCADC /* UIColor+Hex.m */ = {isa = PBXFileReference; lastKnownFileType = sourcecode.c.objc; path = "UIColor+Hex.m"; sourceTree = "<group>"; };
		4D0732FB228D75F9008DCADC /* RootNavigationController.h */ = {isa = PBXFileReference; lastKnownFileType = sourcecode.c.h; path = RootNavigationController.h; sourceTree = "<group>"; };
		4D0732FC228D75F9008DCADC /* RootNavigationController.m */ = {isa = PBXFileReference; lastKnownFileType = sourcecode.c.objc; path = RootNavigationController.m; sourceTree = "<group>"; };
		4D0732FE228E4736008DCADC /* NSNumber+AutoFit.h */ = {isa = PBXFileReference; lastKnownFileType = sourcecode.c.h; path = "NSNumber+AutoFit.h"; sourceTree = "<group>"; };
		4D0732FF228E4736008DCADC /* NSNumber+AutoFit.m */ = {isa = PBXFileReference; lastKnownFileType = sourcecode.c.objc; path = "NSNumber+AutoFit.m"; sourceTree = "<group>"; };
		4D073301228E5B47008DCADC /* CustomTabBar.h */ = {isa = PBXFileReference; lastKnownFileType = sourcecode.c.h; path = CustomTabBar.h; sourceTree = "<group>"; };
		4D073302228E5B47008DCADC /* CustomTabBar.m */ = {isa = PBXFileReference; lastKnownFileType = sourcecode.c.objc; path = CustomTabBar.m; sourceTree = "<group>"; };
		4D073305228E651A008DCADC /* UIView+Location.h */ = {isa = PBXFileReference; lastKnownFileType = sourcecode.c.h; path = "UIView+Location.h"; sourceTree = "<group>"; };
		4D073306228E651A008DCADC /* UIView+Location.m */ = {isa = PBXFileReference; lastKnownFileType = sourcecode.c.objc; path = "UIView+Location.m"; sourceTree = "<group>"; };
		4DBBA1012293F7760061742C /* LoginView.h */ = {isa = PBXFileReference; lastKnownFileType = sourcecode.c.h; path = LoginView.h; sourceTree = "<group>"; };
		4DBBA1022293F7760061742C /* LoginView.m */ = {isa = PBXFileReference; lastKnownFileType = sourcecode.c.objc; path = LoginView.m; sourceTree = "<group>"; };
		4DBBA1042293F89A0061742C /* AccountLoginManager.h */ = {isa = PBXFileReference; lastKnownFileType = sourcecode.c.h; path = AccountLoginManager.h; sourceTree = "<group>"; };
		4DBBA1052293F89A0061742C /* AccountLoginManager.m */ = {isa = PBXFileReference; lastKnownFileType = sourcecode.c.objc; path = AccountLoginManager.m; sourceTree = "<group>"; };
		4DBBA10A229692830061742C /* WSMovieController.m */ = {isa = PBXFileReference; fileEncoding = 4; lastKnownFileType = sourcecode.c.objc; path = WSMovieController.m; sourceTree = "<group>"; };
		4DBBA10B229692830061742C /* qidong.mp4 */ = {isa = PBXFileReference; lastKnownFileType = file; path = qidong.mp4; sourceTree = "<group>"; };
		4DBBA10C229692840061742C /* WSMovieController.h */ = {isa = PBXFileReference; fileEncoding = 4; lastKnownFileType = sourcecode.c.h; path = WSMovieController.h; sourceTree = "<group>"; };
		4DBBA10F229692D30061742C /* MediaPlayer.framework */ = {isa = PBXFileReference; lastKnownFileType = wrapper.framework; name = MediaPlayer.framework; path = System/Library/Frameworks/MediaPlayer.framework; sourceTree = SDKROOT; };
		4DBBA11322969B7F0061742C /* TBCalendar.swift */ = {isa = PBXFileReference; fileEncoding = 4; lastKnownFileType = sourcecode.swift; path = TBCalendar.swift; sourceTree = "<group>"; };
		4DBBA11422969B7F0061742C /* Foundation+Extension.swift */ = {isa = PBXFileReference; fileEncoding = 4; lastKnownFileType = sourcecode.swift; path = "Foundation+Extension.swift"; sourceTree = "<group>"; };
		4DBBA11522969B7F0061742C /* TBCalendarDateCell.swift */ = {isa = PBXFileReference; fileEncoding = 4; lastKnownFileType = sourcecode.swift; path = TBCalendarDateCell.swift; sourceTree = "<group>"; };
		4DBBA11622969B7F0061742C /* Const.swift */ = {isa = PBXFileReference; fileEncoding = 4; lastKnownFileType = sourcecode.swift; path = Const.swift; sourceTree = "<group>"; };
		4DBBA11722969B7F0061742C /* TBCalendarAppearStyle.swift */ = {isa = PBXFileReference; fileEncoding = 4; lastKnownFileType = sourcecode.swift; path = TBCalendarAppearStyle.swift; sourceTree = "<group>"; };
		4DBBA11822969B7F0061742C /* TBCalendarHeaderView.swift */ = {isa = PBXFileReference; fileEncoding = 4; lastKnownFileType = sourcecode.swift; path = TBCalendarHeaderView.swift; sourceTree = "<group>"; };
		4DBBA11A22969B7F0061742C /* MyNSString.swift */ = {isa = PBXFileReference; fileEncoding = 4; lastKnownFileType = sourcecode.swift; path = MyNSString.swift; sourceTree = "<group>"; };
		4DBBA11B22969B7F0061742C /* PopTextView.swift */ = {isa = PBXFileReference; fileEncoding = 4; lastKnownFileType = sourcecode.swift; path = PopTextView.swift; sourceTree = "<group>"; };
		4DBBA11C22969B7F0061742C /* PopRadioButtonView.swift */ = {isa = PBXFileReference; fileEncoding = 4; lastKnownFileType = sourcecode.swift; path = PopRadioButtonView.swift; sourceTree = "<group>"; };
		4DBBA11D22969B7F0061742C /* SlideView.swift */ = {isa = PBXFileReference; fileEncoding = 4; lastKnownFileType = sourcecode.swift; path = SlideView.swift; sourceTree = "<group>"; };
		4DBBA11E22969B7F0061742C /* ZHFCalendarView.swift */ = {isa = PBXFileReference; fileEncoding = 4; lastKnownFileType = sourcecode.swift; path = ZHFCalendarView.swift; sourceTree = "<group>"; };
		4DBBA11F22969B7F0061742C /* UpDownView.swift */ = {isa = PBXFileReference; fileEncoding = 4; lastKnownFileType = sourcecode.swift; path = UpDownView.swift; sourceTree = "<group>"; };
		4DBBA12022969B7F0061742C /* PopTopOrBottomOutView.swift */ = {isa = PBXFileReference; fileEncoding = 4; lastKnownFileType = sourcecode.swift; path = PopTopOrBottomOutView.swift; sourceTree = "<group>"; };
		4DBBA12122969B7F0061742C /* ZHFColor.swift */ = {isa = PBXFileReference; fileEncoding = 4; lastKnownFileType = sourcecode.swift; path = ZHFColor.swift; sourceTree = "<group>"; };
		4DBBA12222969B7F0061742C /* PopImageView.swift */ = {isa = PBXFileReference; fileEncoding = 4; lastKnownFileType = sourcecode.swift; path = PopImageView.swift; sourceTree = "<group>"; };
		4DBBA12422969B7F0061742C /* PopBackGroundView.swift */ = {isa = PBXFileReference; fileEncoding = 4; lastKnownFileType = sourcecode.swift; path = PopBackGroundView.swift; sourceTree = "<group>"; };
		4DBBA12522969B7F0061742C /* open_boxA.gif */ = {isa = PBXFileReference; lastKnownFileType = image.gif; path = open_boxA.gif; sourceTree = "<group>"; };
		4DBBA12622969B7F0061742C /* OpenBoxView.swift */ = {isa = PBXFileReference; fileEncoding = 4; lastKnownFileType = sourcecode.swift; path = OpenBoxView.swift; sourceTree = "<group>"; };
		4DBBA12722969B7F0061742C /* PopAwayOpenBackGroundView.swift */ = {isa = PBXFileReference; fileEncoding = 4; lastKnownFileType = sourcecode.swift; path = PopAwayOpenBackGroundView.swift; sourceTree = "<group>"; };
		4DBBA12822969B7F0061742C /* PopDiseaseView.swift */ = {isa = PBXFileReference; fileEncoding = 4; lastKnownFileType = sourcecode.swift; path = PopDiseaseView.swift; sourceTree = "<group>"; };
		4DBBA12922969B7F0061742C /* SlideWhiteViewSubView.swift */ = {isa = PBXFileReference; fileEncoding = 4; lastKnownFileType = sourcecode.swift; path = SlideWhiteViewSubView.swift; sourceTree = "<group>"; };
		4DBBA12A22969B7F0061742C /* PopSmallChangeBigFatherView.swift */ = {isa = PBXFileReference; fileEncoding = 4; lastKnownFileType = sourcecode.swift; path = PopSmallChangeBigFatherView.swift; sourceTree = "<group>"; };
		4DBBA12B22969B7F0061742C /* PopSomeColorView.swift */ = {isa = PBXFileReference; fileEncoding = 4; lastKnownFileType = sourcecode.swift; path = PopSomeColorView.swift; sourceTree = "<group>"; };
		4DBBA12C22969B7F0061742C /* ZHFAlertControllerTool.swift */ = {isa = PBXFileReference; fileEncoding = 4; lastKnownFileType = sourcecode.swift; path = ZHFAlertControllerTool.swift; sourceTree = "<group>"; };
		4DBBA12D22969B7F0061742C /* PopCheckboxButtonView.swift */ = {isa = PBXFileReference; fileEncoding = 4; lastKnownFileType = sourcecode.swift; path = PopCheckboxButtonView.swift; sourceTree = "<group>"; };
		4DBBA12E22969B7F0061742C /* CalendarView.swift */ = {isa = PBXFileReference; fileEncoding = 4; lastKnownFileType = sourcecode.swift; path = CalendarView.swift; sourceTree = "<group>"; };
		4DBBA12F22969B7F0061742C /* PopProgressBar.swift */ = {isa = PBXFileReference; fileEncoding = 4; lastKnownFileType = sourcecode.swift; path = PopProgressBar.swift; sourceTree = "<group>"; };
		4DBBA14F2296A4ED0061742C /* TemplateFromH-Bridging-Header.h */ = {isa = PBXFileReference; lastKnownFileType = sourcecode.c.h; path = "TemplateFromH-Bridging-Header.h"; sourceTree = "<group>"; };
		4DD8F63E228EA09300FB8DE7 /* NSString+Judge.h */ = {isa = PBXFileReference; lastKnownFileType = sourcecode.c.h; path = "NSString+Judge.h"; sourceTree = "<group>"; };
		4DD8F63F228EA09300FB8DE7 /* NSString+Judge.m */ = {isa = PBXFileReference; lastKnownFileType = sourcecode.c.objc; path = "NSString+Judge.m"; sourceTree = "<group>"; };
		4DD8F643228EA7D200FB8DE7 /* DetailViewController.h */ = {isa = PBXFileReference; lastKnownFileType = sourcecode.c.h; path = DetailViewController.h; sourceTree = "<group>"; };
		4DD8F644228EA7D200FB8DE7 /* DetailViewController.m */ = {isa = PBXFileReference; lastKnownFileType = sourcecode.c.objc; path = DetailViewController.m; sourceTree = "<group>"; };
		4DD8F6482292578600FB8DE7 /* JHScrollView.h */ = {isa = PBXFileReference; lastKnownFileType = sourcecode.c.h; path = JHScrollView.h; sourceTree = "<group>"; };
		4DD8F6492292578600FB8DE7 /* JHScrollView.m */ = {isa = PBXFileReference; lastKnownFileType = sourcecode.c.objc; path = JHScrollView.m; sourceTree = "<group>"; };
		4DD8F64B2292583700FB8DE7 /* JHScrollViewFlowLayou.h */ = {isa = PBXFileReference; lastKnownFileType = sourcecode.c.h; path = JHScrollViewFlowLayou.h; sourceTree = "<group>"; };
		4DD8F64C2292583700FB8DE7 /* JHScrollViewFlowLayou.m */ = {isa = PBXFileReference; lastKnownFileType = sourcecode.c.objc; path = JHScrollViewFlowLayou.m; sourceTree = "<group>"; };
		4DD8F64E2292588900FB8DE7 /* JHCollectionViewCell.h */ = {isa = PBXFileReference; lastKnownFileType = sourcecode.c.h; path = JHCollectionViewCell.h; sourceTree = "<group>"; };
		4DD8F64F2292588900FB8DE7 /* JHCollectionViewCell.m */ = {isa = PBXFileReference; lastKnownFileType = sourcecode.c.objc; path = JHCollectionViewCell.m; sourceTree = "<group>"; };
		4DD8F65422925BE500FB8DE7 /* UIImage+CaptureScreen.h */ = {isa = PBXFileReference; lastKnownFileType = sourcecode.c.h; path = "UIImage+CaptureScreen.h"; sourceTree = "<group>"; };
		4DD8F65522925BE500FB8DE7 /* UIImage+CaptureScreen.m */ = {isa = PBXFileReference; lastKnownFileType = sourcecode.c.objc; path = "UIImage+CaptureScreen.m"; sourceTree = "<group>"; };
		4DD8F65822925D4300FB8DE7 /* UIImagePickerController+ZY.h */ = {isa = PBXFileReference; fileEncoding = 4; lastKnownFileType = sourcecode.c.h; path = "UIImagePickerController+ZY.h"; sourceTree = "<group>"; };
		4DD8F65922925D4300FB8DE7 /* ZYImagePicker.h */ = {isa = PBXFileReference; fileEncoding = 4; lastKnownFileType = sourcecode.c.h; path = ZYImagePicker.h; sourceTree = "<group>"; };
		4DD8F65A22925D4300FB8DE7 /* ZYBundle.bundle */ = {isa = PBXFileReference; lastKnownFileType = "wrapper.plug-in"; path = ZYBundle.bundle; sourceTree = "<group>"; };
		4DD8F65B22925D4300FB8DE7 /* ZYFormData.h */ = {isa = PBXFileReference; fileEncoding = 4; lastKnownFileType = sourcecode.c.h; path = ZYFormData.h; sourceTree = "<group>"; };
		4DD8F65C22925D4300FB8DE7 /* ZYCropImageController.h */ = {isa = PBXFileReference; fileEncoding = 4; lastKnownFileType = sourcecode.c.h; path = ZYCropImageController.h; sourceTree = "<group>"; };
		4DD8F65D22925D4300FB8DE7 /* ZYLocalizableManager.h */ = {isa = PBXFileReference; fileEncoding = 4; lastKnownFileType = sourcecode.c.h; path = ZYLocalizableManager.h; sourceTree = "<group>"; };
		4DD8F65E22925D4300FB8DE7 /* ZYImagePicker.m */ = {isa = PBXFileReference; fileEncoding = 4; lastKnownFileType = sourcecode.c.objc; path = ZYImagePicker.m; sourceTree = "<group>"; };
		4DD8F65F22925D4300FB8DE7 /* UIImagePickerController+ZY.m */ = {isa = PBXFileReference; fileEncoding = 4; lastKnownFileType = sourcecode.c.objc; path = "UIImagePickerController+ZY.m"; sourceTree = "<group>"; };
		4DD8F66022925D4300FB8DE7 /* ZYFormData.m */ = {isa = PBXFileReference; fileEncoding = 4; lastKnownFileType = sourcecode.c.objc; path = ZYFormData.m; sourceTree = "<group>"; };
		4DD8F66122925D4300FB8DE7 /* ZYCropImageController.m */ = {isa = PBXFileReference; fileEncoding = 4; lastKnownFileType = sourcecode.c.objc; path = ZYCropImageController.m; sourceTree = "<group>"; };
		4DD8F66222925D4300FB8DE7 /* ZYLocalizableManager.m */ = {isa = PBXFileReference; fileEncoding = 4; lastKnownFileType = sourcecode.c.objc; path = ZYLocalizableManager.m; sourceTree = "<group>"; };
		E10324347D0AA12ADC753744 /* Pods-TemplateFromH.debug.xcconfig */ = {isa = PBXFileReference; includeInIndex = 1; lastKnownFileType = text.xcconfig; name = "Pods-TemplateFromH.debug.xcconfig"; path = "Target Support Files/Pods-TemplateFromH/Pods-TemplateFromH.debug.xcconfig"; sourceTree = "<group>"; };
		E76724EFC6D1473A87BAFE11 /* libPods-TemplateFromH.a */ = {isa = PBXFileReference; explicitFileType = archive.ar; includeInIndex = 0; path = "libPods-TemplateFromH.a"; sourceTree = BUILT_PRODUCTS_DIR; };
/* End PBXFileReference section */

/* Begin PBXFrameworksBuildPhase section */
		4D073293228D4C6A008DCADC /* Frameworks */ = {
			isa = PBXFrameworksBuildPhase;
			buildActionMask = 2147483647;
			files = (
				4DBBA110229692D30061742C /* MediaPlayer.framework in Frameworks */,
				4E0B71926C460FC6112DDE0A /* libPods-TemplateFromH.a in Frameworks */,
			);
			runOnlyForDeploymentPostprocessing = 0;
		};
		4D0732AE228D4C6C008DCADC /* Frameworks */ = {
			isa = PBXFrameworksBuildPhase;
			buildActionMask = 2147483647;
			files = (
			);
			runOnlyForDeploymentPostprocessing = 0;
		};
		4D0732B9228D4C6C008DCADC /* Frameworks */ = {
			isa = PBXFrameworksBuildPhase;
			buildActionMask = 2147483647;
			files = (
			);
			runOnlyForDeploymentPostprocessing = 0;
		};
/* End PBXFrameworksBuildPhase section */

/* Begin PBXGroup section */
		01473C924FAD3A4C118B7FBB /* Frameworks */ = {
			isa = PBXGroup;
			children = (
				4DBBA10F229692D30061742C /* MediaPlayer.framework */,
				E76724EFC6D1473A87BAFE11 /* libPods-TemplateFromH.a */,
			);
			name = Frameworks;
			sourceTree = "<group>";
		};
		4D07328D228D4C6A008DCADC = {
			isa = PBXGroup;
			children = (
				4D073298228D4C6A008DCADC /* TemplateFromH */,
				4D0732B4228D4C6C008DCADC /* TemplateFromHTests */,
				4D0732BF228D4C6C008DCADC /* TemplateFromHUITests */,
				4D073297228D4C6A008DCADC /* Products */,
				C3D029310F5358AC31B1BEA3 /* Pods */,
				01473C924FAD3A4C118B7FBB /* Frameworks */,
			);
			sourceTree = "<group>";
		};
		4D073297228D4C6A008DCADC /* Products */ = {
			isa = PBXGroup;
			children = (
				4D073296228D4C6A008DCADC /* TemplateFromH.app */,
				4D0732B1228D4C6C008DCADC /* TemplateFromHTests.xctest */,
				4D0732BC228D4C6C008DCADC /* TemplateFromHUITests.xctest */,
			);
			name = Products;
			sourceTree = "<group>";
		};
		4D073298228D4C6A008DCADC /* TemplateFromH */ = {
			isa = PBXGroup;
			children = (
				4DBBA11122969B210061742C /* swiftClass(swift代码) */,
				4DBBA1082296922D0061742C /* ThirdLib(第三方库) */,
				4DBBA1002293F7690061742C /* Framework(自封装类) */,
				4D0732E3228D6AFF008DCADC /* TabBar(导航栏) */,
				4D0732E2228D6A7A008DCADC /* Base(基类) */,
				4D0732D7228D67E9008DCADC /* Expand(扩展) */,
				4D0732D6228D6701008DCADC /* FunctionModule(功能模块) */,
				4D073299228D4C6A008DCADC /* AppDelegate.h */,
				4D07329A228D4C6A008DCADC /* AppDelegate.m */,
				4D07329F228D4C6A008DCADC /* Main.storyboard */,
				4D0732A5228D4C6C008DCADC /* Assets.xcassets */,
				4D0732A7228D4C6C008DCADC /* LaunchScreen.storyboard */,
				4D0732AA228D4C6C008DCADC /* Info.plist */,
				4D0732AB228D4C6C008DCADC /* main.m */,
				4D0732A2228D4C6A008DCADC /* TemplateFromH.xcdatamodeld */,
			);
			path = TemplateFromH;
			sourceTree = "<group>";
		};
		4D0732B4228D4C6C008DCADC /* TemplateFromHTests */ = {
			isa = PBXGroup;
			children = (
				4D0732B5228D4C6C008DCADC /* TemplateFromHTests.m */,
				4D0732B7228D4C6C008DCADC /* Info.plist */,
			);
			path = TemplateFromHTests;
			sourceTree = "<group>";
		};
		4D0732BF228D4C6C008DCADC /* TemplateFromHUITests */ = {
			isa = PBXGroup;
			children = (
				4D0732C0228D4C6C008DCADC /* TemplateFromHUITests.m */,
				4D0732C2228D4C6C008DCADC /* Info.plist */,
			);
			path = TemplateFromHUITests;
			sourceTree = "<group>";
		};
		4D0732CE228D4D10008DCADC /* CoreDataStack */ = {
			isa = PBXGroup;
			children = (
				4D0732CF228D4D7B008DCADC /* CoreDataStack.h */,
				4D0732D0228D4D7B008DCADC /* CoreDataStack.m */,
			);
			path = CoreDataStack;
			sourceTree = "<group>";
		};
		4D0732D6228D6701008DCADC /* FunctionModule(功能模块) */ = {
			isa = PBXGroup;
			children = (
				4D0732E5228D724B008DCADC /* AfterController */,
				4D0732E4228D722C008DCADC /* NowController */,
				4D0732DF228D6A38008DCADC /* EverController */,
			);
			path = "FunctionModule(功能模块)";
			sourceTree = "<group>";
		};
		4D0732D7228D67E9008DCADC /* Expand(扩展) */ = {
			isa = PBXGroup;
			children = (
				4D0732D9228D687C008DCADC /* Macros(宏) */,
				4D0732D8228D6867008DCADC /* Const(常量) */,
				4D0732DA228D6894008DCADC /* Tool(工具类) */,
				4D0732DB228D68B1008DCADC /* NetWork(网络) */,
				4D0732DD228D68F8008DCADC /* DataBase(数据库) */,
				4D0732DC228D68CA008DCADC /* Category(分类&扩展) */,
			);
			path = "Expand(扩展)";
			sourceTree = "<group>";
		};
		4D0732D8228D6867008DCADC /* Const(常量) */ = {
			isa = PBXGroup;
			children = (
			);
			path = "Const(常量)";
			sourceTree = "<group>";
		};
		4D0732D9228D687C008DCADC /* Macros(宏) */ = {
			isa = PBXGroup;
			children = (
				4D0732F6228D73E7008DCADC /* AppDefine.h */,
				4D0732F5228D7344008DCADC /* AppHeader.h */,
				4DBBA14F2296A4ED0061742C /* TemplateFromH-Bridging-Header.h */,
			);
			path = "Macros(宏)";
			sourceTree = "<group>";
		};
		4D0732DA228D6894008DCADC /* Tool(工具类) */ = {
			isa = PBXGroup;
			children = (
				4DD8F6472292572900FB8DE7 /* Banner(轮播图) */,
				4DD8F65722925D4300FB8DE7 /* ZYImagePicker(头像编辑) */,
			);
			path = "Tool(工具类)";
			sourceTree = "<group>";
		};
		4D0732DB228D68B1008DCADC /* NetWork(网络) */ = {
			isa = PBXGroup;
			children = (
			);
			path = "NetWork(网络)";
			sourceTree = "<group>";
		};
		4D0732DC228D68CA008DCADC /* Category(分类&扩展) */ = {
			isa = PBXGroup;
			children = (
				4D0732F8228D746B008DCADC /* UIColor+Hex.h */,
				4D0732F9228D746B008DCADC /* UIColor+Hex.m */,
				4D0732FE228E4736008DCADC /* NSNumber+AutoFit.h */,
				4D0732FF228E4736008DCADC /* NSNumber+AutoFit.m */,
				4D073305228E651A008DCADC /* UIView+Location.h */,
				4D073306228E651A008DCADC /* UIView+Location.m */,
				4DD8F63E228EA09300FB8DE7 /* NSString+Judge.h */,
				4DD8F63F228EA09300FB8DE7 /* NSString+Judge.m */,
				4DD8F65422925BE500FB8DE7 /* UIImage+CaptureScreen.h */,
				4DD8F65522925BE500FB8DE7 /* UIImage+CaptureScreen.m */,
			);
			path = "Category(分类&扩展)";
			sourceTree = "<group>";
		};
		4D0732DD228D68F8008DCADC /* DataBase(数据库) */ = {
			isa = PBXGroup;
			children = (
				4D0732CE228D4D10008DCADC /* CoreDataStack */,
			);
			path = "DataBase(数据库)";
			sourceTree = "<group>";
		};
		4D0732DF228D6A38008DCADC /* EverController */ = {
			isa = PBXGroup;
			children = (
				4DD8F642228EA7B200FB8DE7 /* Detail */,
				4DD8F641228EA7A200FB8DE7 /* Main */,
			);
			path = EverController;
			sourceTree = "<group>";
		};
		4D0732E0228D6A4D008DCADC /* Model */ = {
			isa = PBXGroup;
			children = (
			);
			path = Model;
			sourceTree = "<group>";
		};
		4D0732E1228D6A57008DCADC /* View */ = {
			isa = PBXGroup;
			children = (
			);
			path = View;
			sourceTree = "<group>";
		};
		4D0732E2228D6A7A008DCADC /* Base(基类) */ = {
			isa = PBXGroup;
			children = (
				4D0732E6228D7281008DCADC /* BaseViewController.h */,
				4D0732E7228D7281008DCADC /* BaseViewController.m */,
			);
			path = "Base(基类)";
			sourceTree = "<group>";
		};
		4D0732E3228D6AFF008DCADC /* TabBar(导航栏) */ = {
			isa = PBXGroup;
			children = (
				4D073304228E5B53008DCADC /* TabBarItem */,
				4D0732F2228D72F8008DCADC /* RootTabBarController.h */,
				4D0732F3228D72F8008DCADC /* RootTabBarController.m */,
				4D0732FB228D75F9008DCADC /* RootNavigationController.h */,
				4D0732FC228D75F9008DCADC /* RootNavigationController.m */,
			);
			path = "TabBar(导航栏)";
			sourceTree = "<group>";
		};
		4D0732E4228D722C008DCADC /* NowController */ = {
			isa = PBXGroup;
			children = (
				4D0732EC228D72A5008DCADC /* NowViewController.h */,
				4D0732ED228D72A5008DCADC /* NowViewController.m */,
			);
			path = NowController;
			sourceTree = "<group>";
		};
		4D0732E5228D724B008DCADC /* AfterController */ = {
			isa = PBXGroup;
			children = (
				4D0732EF228D72B1008DCADC /* AfterViewController.h */,
				4D0732F0228D72B1008DCADC /* AfterViewController.m */,
			);
			path = AfterController;
			sourceTree = "<group>";
		};
		4D073304228E5B53008DCADC /* TabBarItem */ = {
			isa = PBXGroup;
			children = (
				4D073301228E5B47008DCADC /* CustomTabBar.h */,
				4D073302228E5B47008DCADC /* CustomTabBar.m */,
			);
			path = TabBarItem;
			sourceTree = "<group>";
		};
		4DBBA1002293F7690061742C /* Framework(自封装类) */ = {
			isa = PBXGroup;
			children = (
				4DBBA1042293F89A0061742C /* AccountLoginManager.h */,
				4DBBA1052293F89A0061742C /* AccountLoginManager.m */,
				4DBBA1012293F7760061742C /* LoginView.h */,
				4DBBA1022293F7760061742C /* LoginView.m */,
			);
			path = "Framework(自封装类)";
			sourceTree = "<group>";
		};
		4DBBA1082296922D0061742C /* ThirdLib(第三方库) */ = {
			isa = PBXGroup;
			children = (
				4DBBA109229692630061742C /* 开场视频动画 */,
			);
			path = "ThirdLib(第三方库)";
			sourceTree = "<group>";
		};
		4DBBA109229692630061742C /* 开场视频动画 */ = {
			isa = PBXGroup;
			children = (
				4DBBA10B229692830061742C /* qidong.mp4 */,
				4DBBA10C229692840061742C /* WSMovieController.h */,
				4DBBA10A229692830061742C /* WSMovieController.m */,
			);
			path = "开场视频动画";
			sourceTree = "<group>";
		};
		4DBBA11122969B210061742C /* swiftClass(swift代码) */ = {
			isa = PBXGroup;
			children = (
				4DBBA11222969B7F0061742C /* TBCalendar */,
				4DBBA11922969B7F0061742C /* ZHFSubToolBox */,
			);
			path = "swiftClass(swift代码)";
			sourceTree = "<group>";
		};
		4DBBA11222969B7F0061742C /* TBCalendar */ = {
			isa = PBXGroup;
			children = (
				4DBBA11322969B7F0061742C /* TBCalendar.swift */,
				4DBBA11422969B7F0061742C /* Foundation+Extension.swift */,
				4DBBA11522969B7F0061742C /* TBCalendarDateCell.swift */,
				4DBBA11622969B7F0061742C /* Const.swift */,
				4DBBA11722969B7F0061742C /* TBCalendarAppearStyle.swift */,
				4DBBA11822969B7F0061742C /* TBCalendarHeaderView.swift */,
			);
			path = TBCalendar;
			sourceTree = "<group>";
		};
		4DBBA11922969B7F0061742C /* ZHFSubToolBox */ = {
			isa = PBXGroup;
			children = (
				4DBBA11A22969B7F0061742C /* MyNSString.swift */,
				4DBBA11B22969B7F0061742C /* PopTextView.swift */,
				4DBBA11C22969B7F0061742C /* PopRadioButtonView.swift */,
				4DBBA11D22969B7F0061742C /* SlideView.swift */,
				4DBBA11E22969B7F0061742C /* ZHFCalendarView.swift */,
				4DBBA11F22969B7F0061742C /* UpDownView.swift */,
				4DBBA12022969B7F0061742C /* PopTopOrBottomOutView.swift */,
				4DBBA12122969B7F0061742C /* ZHFColor.swift */,
				4DBBA12222969B7F0061742C /* PopImageView.swift */,
				4DBBA12322969B7F0061742C /* PopGifOpenBox */,
				4DBBA12822969B7F0061742C /* PopDiseaseView.swift */,
				4DBBA12922969B7F0061742C /* SlideWhiteViewSubView.swift */,
				4DBBA12A22969B7F0061742C /* PopSmallChangeBigFatherView.swift */,
				4DBBA12B22969B7F0061742C /* PopSomeColorView.swift */,
				4DBBA12C22969B7F0061742C /* ZHFAlertControllerTool.swift */,
				4DBBA12D22969B7F0061742C /* PopCheckboxButtonView.swift */,
				4DBBA12E22969B7F0061742C /* CalendarView.swift */,
				4DBBA12F22969B7F0061742C /* PopProgressBar.swift */,
			);
			path = ZHFSubToolBox;
			sourceTree = "<group>";
		};
		4DBBA12322969B7F0061742C /* PopGifOpenBox */ = {
			isa = PBXGroup;
			children = (
				4DBBA12422969B7F0061742C /* PopBackGroundView.swift */,
				4DBBA12522969B7F0061742C /* open_boxA.gif */,
				4DBBA12622969B7F0061742C /* OpenBoxView.swift */,
				4DBBA12722969B7F0061742C /* PopAwayOpenBackGroundView.swift */,
			);
			path = PopGifOpenBox;
			sourceTree = "<group>";
		};
		4DD8F641228EA7A200FB8DE7 /* Main */ = {
			isa = PBXGroup;
			children = (
				4D0732E9228D7293008DCADC /* EverViewController.h */,
				4D0732EA228D7293008DCADC /* EverViewController.m */,
				4D0732E1228D6A57008DCADC /* View */,
				4D0732E0228D6A4D008DCADC /* Model */,
			);
			path = Main;
			sourceTree = "<group>";
		};
		4DD8F642228EA7B200FB8DE7 /* Detail */ = {
			isa = PBXGroup;
			children = (
				4DD8F643228EA7D200FB8DE7 /* DetailViewController.h */,
				4DD8F644228EA7D200FB8DE7 /* DetailViewController.m */,
			);
			path = Detail;
			sourceTree = "<group>";
		};
		4DD8F6472292572900FB8DE7 /* Banner(轮播图) */ = {
			isa = PBXGroup;
			children = (
				4DD8F6482292578600FB8DE7 /* JHScrollView.h */,
				4DD8F6492292578600FB8DE7 /* JHScrollView.m */,
				4DD8F64B2292583700FB8DE7 /* JHScrollViewFlowLayou.h */,
				4DD8F64C2292583700FB8DE7 /* JHScrollViewFlowLayou.m */,
				4DD8F64E2292588900FB8DE7 /* JHCollectionViewCell.h */,
				4DD8F64F2292588900FB8DE7 /* JHCollectionViewCell.m */,
			);
			path = "Banner(轮播图)";
			sourceTree = "<group>";
		};
		4DD8F65722925D4300FB8DE7 /* ZYImagePicker(头像编辑) */ = {
			isa = PBXGroup;
			children = (
				4DD8F65B22925D4300FB8DE7 /* ZYFormData.h */,
				4DD8F66022925D4300FB8DE7 /* ZYFormData.m */,
				4DD8F65922925D4300FB8DE7 /* ZYImagePicker.h */,
				4DD8F65E22925D4300FB8DE7 /* ZYImagePicker.m */,
				4DD8F65822925D4300FB8DE7 /* UIImagePickerController+ZY.h */,
				4DD8F65F22925D4300FB8DE7 /* UIImagePickerController+ZY.m */,
				4DD8F65C22925D4300FB8DE7 /* ZYCropImageController.h */,
				4DD8F66122925D4300FB8DE7 /* ZYCropImageController.m */,
				4DD8F65D22925D4300FB8DE7 /* ZYLocalizableManager.h */,
				4DD8F66222925D4300FB8DE7 /* ZYLocalizableManager.m */,
				4DD8F65A22925D4300FB8DE7 /* ZYBundle.bundle */,
			);
			path = "ZYImagePicker(头像编辑)";
			sourceTree = "<group>";
		};
		C3D029310F5358AC31B1BEA3 /* Pods */ = {
			isa = PBXGroup;
			children = (
				E10324347D0AA12ADC753744 /* Pods-TemplateFromH.debug.xcconfig */,
				19682DF6B7CC762FEF2DE89A /* Pods-TemplateFromH.release.xcconfig */,
			);
			path = Pods;
			sourceTree = "<group>";
		};
/* End PBXGroup section */

/* Begin PBXNativeTarget section */
		4D073295228D4C6A008DCADC /* TemplateFromH */ = {
			isa = PBXNativeTarget;
			buildConfigurationList = 4D0732C5228D4C6C008DCADC /* Build configuration list for PBXNativeTarget "TemplateFromH" */;
			buildPhases = (
				F6E36D1893F5A9CC7DAE6D15 /* [CP] Check Pods Manifest.lock */,
				4D073292228D4C6A008DCADC /* Sources */,
				4D073293228D4C6A008DCADC /* Frameworks */,
				4D073294228D4C6A008DCADC /* Resources */,
				2203BCCE87040FDF2170B760 /* [CP] Copy Pods Resources */,
			);
			buildRules = (
			);
			dependencies = (
			);
			name = TemplateFromH;
			productName = TemplateFromH;
			productReference = 4D073296228D4C6A008DCADC /* TemplateFromH.app */;
			productType = "com.apple.product-type.application";
		};
		4D0732B0228D4C6C008DCADC /* TemplateFromHTests */ = {
			isa = PBXNativeTarget;
			buildConfigurationList = 4D0732C8228D4C6C008DCADC /* Build configuration list for PBXNativeTarget "TemplateFromHTests" */;
			buildPhases = (
				4D0732AD228D4C6C008DCADC /* Sources */,
				4D0732AE228D4C6C008DCADC /* Frameworks */,
				4D0732AF228D4C6C008DCADC /* Resources */,
			);
			buildRules = (
			);
			dependencies = (
				4D0732B3228D4C6C008DCADC /* PBXTargetDependency */,
			);
			name = TemplateFromHTests;
			productName = TemplateFromHTests;
			productReference = 4D0732B1228D4C6C008DCADC /* TemplateFromHTests.xctest */;
			productType = "com.apple.product-type.bundle.unit-test";
		};
		4D0732BB228D4C6C008DCADC /* TemplateFromHUITests */ = {
			isa = PBXNativeTarget;
			buildConfigurationList = 4D0732CB228D4C6C008DCADC /* Build configuration list for PBXNativeTarget "TemplateFromHUITests" */;
			buildPhases = (
				4D0732B8228D4C6C008DCADC /* Sources */,
				4D0732B9228D4C6C008DCADC /* Frameworks */,
				4D0732BA228D4C6C008DCADC /* Resources */,
			);
			buildRules = (
			);
			dependencies = (
				4D0732BE228D4C6C008DCADC /* PBXTargetDependency */,
			);
			name = TemplateFromHUITests;
			productName = TemplateFromHUITests;
			productReference = 4D0732BC228D4C6C008DCADC /* TemplateFromHUITests.xctest */;
			productType = "com.apple.product-type.bundle.ui-testing";
		};
/* End PBXNativeTarget section */

/* Begin PBXProject section */
		4D07328E228D4C6A008DCADC /* Project object */ = {
			isa = PBXProject;
			attributes = {
				LastUpgradeCheck = 1020;
				ORGANIZATIONNAME = January;
				TargetAttributes = {
					4D073295228D4C6A008DCADC = {
						CreatedOnToolsVersion = 10.2;
					};
					4D0732B0228D4C6C008DCADC = {
						CreatedOnToolsVersion = 10.2;
						TestTargetID = 4D073295228D4C6A008DCADC;
					};
					4D0732BB228D4C6C008DCADC = {
						CreatedOnToolsVersion = 10.2;
						TestTargetID = 4D073295228D4C6A008DCADC;
					};
				};
			};
			buildConfigurationList = 4D073291228D4C6A008DCADC /* Build configuration list for PBXProject "TemplateFromH" */;
			compatibilityVersion = "Xcode 9.3";
			developmentRegion = en;
			hasScannedForEncodings = 0;
			knownRegions = (
				en,
				Base,
			);
			mainGroup = 4D07328D228D4C6A008DCADC;
			productRefGroup = 4D073297228D4C6A008DCADC /* Products */;
			projectDirPath = "";
			projectRoot = "";
			targets = (
				4D073295228D4C6A008DCADC /* TemplateFromH */,
				4D0732B0228D4C6C008DCADC /* TemplateFromHTests */,
				4D0732BB228D4C6C008DCADC /* TemplateFromHUITests */,
			);
		};
/* End PBXProject section */

/* Begin PBXResourcesBuildPhase section */
		4D073294228D4C6A008DCADC /* Resources */ = {
			isa = PBXResourcesBuildPhase;
			buildActionMask = 2147483647;
			files = (
				4DD8F66322925D4300FB8DE7 /* ZYBundle.bundle in Resources */,
				4D0732A9228D4C6C008DCADC /* LaunchScreen.storyboard in Resources */,
				4D0732A6228D4C6C008DCADC /* Assets.xcassets in Resources */,
				4D0732A1228D4C6A008DCADC /* Main.storyboard in Resources */,
				4DBBA14022969B7F0061742C /* open_boxA.gif in Resources */,
				4DBBA10E229692840061742C /* qidong.mp4 in Resources */,
			);
			runOnlyForDeploymentPostprocessing = 0;
		};
		4D0732AF228D4C6C008DCADC /* Resources */ = {
			isa = PBXResourcesBuildPhase;
			buildActionMask = 2147483647;
			files = (
			);
			runOnlyForDeploymentPostprocessing = 0;
		};
		4D0732BA228D4C6C008DCADC /* Resources */ = {
			isa = PBXResourcesBuildPhase;
			buildActionMask = 2147483647;
			files = (
			);
			runOnlyForDeploymentPostprocessing = 0;
		};
/* End PBXResourcesBuildPhase section */

/* Begin PBXShellScriptBuildPhase section */
		2203BCCE87040FDF2170B760 /* [CP] Copy Pods Resources */ = {
			isa = PBXShellScriptBuildPhase;
			buildActionMask = 2147483647;
			files = (
			);
			inputFileListPaths = (
				"${PODS_ROOT}/Target Support Files/Pods-TemplateFromH/Pods-TemplateFromH-resources-${CONFIGURATION}-input-files.xcfilelist",
			);
			name = "[CP] Copy Pods Resources";
			outputFileListPaths = (
				"${PODS_ROOT}/Target Support Files/Pods-TemplateFromH/Pods-TemplateFromH-resources-${CONFIGURATION}-output-files.xcfilelist",
			);
			runOnlyForDeploymentPostprocessing = 0;
			shellPath = /bin/sh;
			shellScript = "\"${PODS_ROOT}/Target Support Files/Pods-TemplateFromH/Pods-TemplateFromH-resources.sh\"\n";
			showEnvVarsInLog = 0;
		};
		F6E36D1893F5A9CC7DAE6D15 /* [CP] Check Pods Manifest.lock */ = {
			isa = PBXShellScriptBuildPhase;
			buildActionMask = 2147483647;
			files = (
			);
			inputFileListPaths = (
			);
			inputPaths = (
				"${PODS_PODFILE_DIR_PATH}/Podfile.lock",
				"${PODS_ROOT}/Manifest.lock",
			);
			name = "[CP] Check Pods Manifest.lock";
			outputFileListPaths = (
			);
			outputPaths = (
				"$(DERIVED_FILE_DIR)/Pods-TemplateFromH-checkManifestLockResult.txt",
			);
			runOnlyForDeploymentPostprocessing = 0;
			shellPath = /bin/sh;
			shellScript = "diff \"${PODS_PODFILE_DIR_PATH}/Podfile.lock\" \"${PODS_ROOT}/Manifest.lock\" > /dev/null\nif [ $? != 0 ] ; then\n    # print error to STDERR\n    echo \"error: The sandbox is not in sync with the Podfile.lock. Run 'pod install' or update your CocoaPods installation.\" >&2\n    exit 1\nfi\n# This output is used by Xcode 'outputs' to avoid re-running this script phase.\necho \"SUCCESS\" > \"${SCRIPT_OUTPUT_FILE_0}\"\n";
			showEnvVarsInLog = 0;
		};
/* End PBXShellScriptBuildPhase section */

/* Begin PBXSourcesBuildPhase section */
		4D073292228D4C6A008DCADC /* Sources */ = {
			isa = PBXSourcesBuildPhase;
			buildActionMask = 2147483647;
			files = (
				4DBBA14222969B7F0061742C /* PopAwayOpenBackGroundView.swift in Sources */,
				4DBBA1062293F89A0061742C /* AccountLoginManager.m in Sources */,
				4DD8F66422925D4300FB8DE7 /* ZYImagePicker.m in Sources */,
				4DBBA14722969B7F0061742C /* ZHFAlertControllerTool.swift in Sources */,
				4D0732F1228D72B1008DCADC /* AfterViewController.m in Sources */,
				4DBBA13722969B7F0061742C /* PopTextView.swift in Sources */,
				4DBBA14522969B7F0061742C /* PopSmallChangeBigFatherView.swift in Sources */,
				4DBBA13F22969B7F0061742C /* PopBackGroundView.swift in Sources */,
				4DBBA14A22969B7F0061742C /* PopProgressBar.swift in Sources */,
				4DBBA13922969B7F0061742C /* SlideView.swift in Sources */,
				4DBBA13022969B7F0061742C /* TBCalendar.swift in Sources */,
				4DBBA14422969B7F0061742C /* SlideWhiteViewSubView.swift in Sources */,
				4DD8F66522925D4300FB8DE7 /* UIImagePickerController+ZY.m in Sources */,
				4DBBA10D229692840061742C /* WSMovieController.m in Sources */,
				4DBBA13422969B7F0061742C /* TBCalendarAppearStyle.swift in Sources */,
				4DBBA13E22969B7F0061742C /* PopImageView.swift in Sources */,
				4D0732F4228D72F8008DCADC /* RootTabBarController.m in Sources */,
				4DD8F65622925BE500FB8DE7 /* UIImage+CaptureScreen.m in Sources */,
				4DBBA13B22969B7F0061742C /* UpDownView.swift in Sources */,
				4DBBA13822969B7F0061742C /* PopRadioButtonView.swift in Sources */,
				4DBBA13222969B7F0061742C /* TBCalendarDateCell.swift in Sources */,
				4D0732D1228D4D7B008DCADC /* CoreDataStack.m in Sources */,
				4DD8F645228EA7D200FB8DE7 /* DetailViewController.m in Sources */,
				4D073303228E5B47008DCADC /* CustomTabBar.m in Sources */,
				4DBBA14922969B7F0061742C /* CalendarView.swift in Sources */,
				4DBBA14122969B7F0061742C /* OpenBoxView.swift in Sources */,
				4D0732FD228D75F9008DCADC /* RootNavigationController.m in Sources */,
				4DBBA13322969B7F0061742C /* Const.swift in Sources */,
				4DD8F66822925D4300FB8DE7 /* ZYLocalizableManager.m in Sources */,
				4DBBA14822969B7F0061742C /* PopCheckboxButtonView.swift in Sources */,
				4D073307228E651A008DCADC /* UIView+Location.m in Sources */,
				4D0732EE228D72A5008DCADC /* NowViewController.m in Sources */,
				4DBBA13622969B7F0061742C /* MyNSString.swift in Sources */,
				4D0732EB228D7293008DCADC /* EverViewController.m in Sources */,
				4DD8F66622925D4300FB8DE7 /* ZYFormData.m in Sources */,
				4D0732E8228D7281008DCADC /* BaseViewController.m in Sources */,
				4DBBA13C22969B7F0061742C /* PopTopOrBottomOutView.swift in Sources */,
				4DBBA14322969B7F0061742C /* PopDiseaseView.swift in Sources */,
				4DD8F6502292588900FB8DE7 /* JHCollectionViewCell.m in Sources */,
				4D0732A4228D4C6A008DCADC /* TemplateFromH.xcdatamodeld in Sources */,
				4DBBA13122969B7F0061742C /* Foundation+Extension.swift in Sources */,
				4DBBA13D22969B7F0061742C /* ZHFColor.swift in Sources */,
				4DBBA14622969B7F0061742C /* PopSomeColorView.swift in Sources */,
				4DD8F66722925D4300FB8DE7 /* ZYCropImageController.m in Sources */,
				4DD8F640228EA09300FB8DE7 /* NSString+Judge.m in Sources */,
				4DD8F64D2292583700FB8DE7 /* JHScrollViewFlowLayou.m in Sources */,
				4DBBA13522969B7F0061742C /* TBCalendarHeaderView.swift in Sources */,
				4DBBA13A22969B7F0061742C /* ZHFCalendarView.swift in Sources */,
				4DD8F64A2292578600FB8DE7 /* JHScrollView.m in Sources */,
				4D073300228E4736008DCADC /* NSNumber+AutoFit.m in Sources */,
				4D0732FA228D746B008DCADC /* UIColor+Hex.m in Sources */,
				4D0732AC228D4C6C008DCADC /* main.m in Sources */,
				4DBBA1032293F7760061742C /* LoginView.m in Sources */,
				4D07329B228D4C6A008DCADC /* AppDelegate.m in Sources */,
			);
			runOnlyForDeploymentPostprocessing = 0;
		};
		4D0732AD228D4C6C008DCADC /* Sources */ = {
			isa = PBXSourcesBuildPhase;
			buildActionMask = 2147483647;
			files = (
				4D0732B6228D4C6C008DCADC /* TemplateFromHTests.m in Sources */,
			);
			runOnlyForDeploymentPostprocessing = 0;
		};
		4D0732B8228D4C6C008DCADC /* Sources */ = {
			isa = PBXSourcesBuildPhase;
			buildActionMask = 2147483647;
			files = (
				4D0732C1228D4C6C008DCADC /* TemplateFromHUITests.m in Sources */,
			);
			runOnlyForDeploymentPostprocessing = 0;
		};
/* End PBXSourcesBuildPhase section */

/* Begin PBXTargetDependency section */
		4D0732B3228D4C6C008DCADC /* PBXTargetDependency */ = {
			isa = PBXTargetDependency;
			target = 4D073295228D4C6A008DCADC /* TemplateFromH */;
			targetProxy = 4D0732B2228D4C6C008DCADC /* PBXContainerItemProxy */;
		};
		4D0732BE228D4C6C008DCADC /* PBXTargetDependency */ = {
			isa = PBXTargetDependency;
			target = 4D073295228D4C6A008DCADC /* TemplateFromH */;
			targetProxy = 4D0732BD228D4C6C008DCADC /* PBXContainerItemProxy */;
		};
/* End PBXTargetDependency section */

/* Begin PBXVariantGroup section */
		4D07329F228D4C6A008DCADC /* Main.storyboard */ = {
			isa = PBXVariantGroup;
			children = (
				4D0732A0228D4C6A008DCADC /* Base */,
			);
			name = Main.storyboard;
			sourceTree = "<group>";
		};
		4D0732A7228D4C6C008DCADC /* LaunchScreen.storyboard */ = {
			isa = PBXVariantGroup;
			children = (
				4D0732A8228D4C6C008DCADC /* Base */,
			);
			name = LaunchScreen.storyboard;
			sourceTree = "<group>";
		};
/* End PBXVariantGroup section */

/* Begin XCBuildConfiguration section */
		4D0732C3228D4C6C008DCADC /* Debug */ = {
			isa = XCBuildConfiguration;
			buildSettings = {
				ALWAYS_SEARCH_USER_PATHS = NO;
				CLANG_ANALYZER_NONNULL = YES;
				CLANG_ANALYZER_NUMBER_OBJECT_CONVERSION = YES_AGGRESSIVE;
				CLANG_CXX_LANGUAGE_STANDARD = "gnu++14";
				CLANG_CXX_LIBRARY = "libc++";
				CLANG_ENABLE_MODULES = YES;
				CLANG_ENABLE_OBJC_ARC = YES;
				CLANG_ENABLE_OBJC_WEAK = YES;
				CLANG_WARN_BLOCK_CAPTURE_AUTORELEASING = YES;
				CLANG_WARN_BOOL_CONVERSION = YES;
				CLANG_WARN_COMMA = YES;
				CLANG_WARN_CONSTANT_CONVERSION = YES;
				CLANG_WARN_DEPRECATED_OBJC_IMPLEMENTATIONS = YES;
				CLANG_WARN_DIRECT_OBJC_ISA_USAGE = YES_ERROR;
				CLANG_WARN_DOCUMENTATION_COMMENTS = YES;
				CLANG_WARN_EMPTY_BODY = YES;
				CLANG_WARN_ENUM_CONVERSION = YES;
				CLANG_WARN_INFINITE_RECURSION = YES;
				CLANG_WARN_INT_CONVERSION = YES;
				CLANG_WARN_NON_LITERAL_NULL_CONVERSION = YES;
				CLANG_WARN_OBJC_IMPLICIT_RETAIN_SELF = YES;
				CLANG_WARN_OBJC_LITERAL_CONVERSION = YES;
				CLANG_WARN_OBJC_ROOT_CLASS = YES_ERROR;
				CLANG_WARN_RANGE_LOOP_ANALYSIS = YES;
				CLANG_WARN_STRICT_PROTOTYPES = YES;
				CLANG_WARN_SUSPICIOUS_MOVE = YES;
				CLANG_WARN_UNGUARDED_AVAILABILITY = YES_AGGRESSIVE;
				CLANG_WARN_UNREACHABLE_CODE = YES;
				CLANG_WARN__DUPLICATE_METHOD_MATCH = YES;
				CODE_SIGN_IDENTITY = "iPhone Developer";
				COPY_PHASE_STRIP = NO;
				DEBUG_INFORMATION_FORMAT = dwarf;
				DEFINES_MODULE = NO;
				ENABLE_STRICT_OBJC_MSGSEND = YES;
				ENABLE_TESTABILITY = YES;
				GCC_C_LANGUAGE_STANDARD = gnu11;
				GCC_DYNAMIC_NO_PIC = NO;
				GCC_NO_COMMON_BLOCKS = YES;
				GCC_OPTIMIZATION_LEVEL = 0;
				GCC_PREPROCESSOR_DEFINITIONS = (
					"DEBUG=1",
					"$(inherited)",
				);
				GCC_WARN_64_TO_32_BIT_CONVERSION = YES;
				GCC_WARN_ABOUT_RETURN_TYPE = YES_ERROR;
				GCC_WARN_UNDECLARED_SELECTOR = YES;
				GCC_WARN_UNINITIALIZED_AUTOS = YES_AGGRESSIVE;
				GCC_WARN_UNUSED_FUNCTION = YES;
				GCC_WARN_UNUSED_VARIABLE = YES;
				IPHONEOS_DEPLOYMENT_TARGET = 12.2;
				MTL_ENABLE_DEBUG_INFO = INCLUDE_SOURCE;
				MTL_FAST_MATH = YES;
				ONLY_ACTIVE_ARCH = YES;
				SDKROOT = iphoneos;
			};
			name = Debug;
		};
		4D0732C4228D4C6C008DCADC /* Release */ = {
			isa = XCBuildConfiguration;
			buildSettings = {
				ALWAYS_SEARCH_USER_PATHS = NO;
				CLANG_ANALYZER_NONNULL = YES;
				CLANG_ANALYZER_NUMBER_OBJECT_CONVERSION = YES_AGGRESSIVE;
				CLANG_CXX_LANGUAGE_STANDARD = "gnu++14";
				CLANG_CXX_LIBRARY = "libc++";
				CLANG_ENABLE_MODULES = YES;
				CLANG_ENABLE_OBJC_ARC = YES;
				CLANG_ENABLE_OBJC_WEAK = YES;
				CLANG_WARN_BLOCK_CAPTURE_AUTORELEASING = YES;
				CLANG_WARN_BOOL_CONVERSION = YES;
				CLANG_WARN_COMMA = YES;
				CLANG_WARN_CONSTANT_CONVERSION = YES;
				CLANG_WARN_DEPRECATED_OBJC_IMPLEMENTATIONS = YES;
				CLANG_WARN_DIRECT_OBJC_ISA_USAGE = YES_ERROR;
				CLANG_WARN_DOCUMENTATION_COMMENTS = YES;
				CLANG_WARN_EMPTY_BODY = YES;
				CLANG_WARN_ENUM_CONVERSION = YES;
				CLANG_WARN_INFINITE_RECURSION = YES;
				CLANG_WARN_INT_CONVERSION = YES;
				CLANG_WARN_NON_LITERAL_NULL_CONVERSION = YES;
				CLANG_WARN_OBJC_IMPLICIT_RETAIN_SELF = YES;
				CLANG_WARN_OBJC_LITERAL_CONVERSION = YES;
				CLANG_WARN_OBJC_ROOT_CLASS = YES_ERROR;
				CLANG_WARN_RANGE_LOOP_ANALYSIS = YES;
				CLANG_WARN_STRICT_PROTOTYPES = YES;
				CLANG_WARN_SUSPICIOUS_MOVE = YES;
				CLANG_WARN_UNGUARDED_AVAILABILITY = YES_AGGRESSIVE;
				CLANG_WARN_UNREACHABLE_CODE = YES;
				CLANG_WARN__DUPLICATE_METHOD_MATCH = YES;
				CODE_SIGN_IDENTITY = "iPhone Developer";
				COPY_PHASE_STRIP = NO;
				DEBUG_INFORMATION_FORMAT = "dwarf-with-dsym";
				DEFINES_MODULE = NO;
				ENABLE_NS_ASSERTIONS = NO;
				ENABLE_STRICT_OBJC_MSGSEND = YES;
				GCC_C_LANGUAGE_STANDARD = gnu11;
				GCC_NO_COMMON_BLOCKS = YES;
				GCC_WARN_64_TO_32_BIT_CONVERSION = YES;
				GCC_WARN_ABOUT_RETURN_TYPE = YES_ERROR;
				GCC_WARN_UNDECLARED_SELECTOR = YES;
				GCC_WARN_UNINITIALIZED_AUTOS = YES_AGGRESSIVE;
				GCC_WARN_UNUSED_FUNCTION = YES;
				GCC_WARN_UNUSED_VARIABLE = YES;
				IPHONEOS_DEPLOYMENT_TARGET = 12.2;
				MTL_ENABLE_DEBUG_INFO = NO;
				MTL_FAST_MATH = YES;
				SDKROOT = iphoneos;
				VALIDATE_PRODUCT = YES;
			};
			name = Release;
		};
		4D0732C6228D4C6C008DCADC /* Debug */ = {
			isa = XCBuildConfiguration;
			baseConfigurationReference = E10324347D0AA12ADC753744 /* Pods-TemplateFromH.debug.xcconfig */;
			buildSettings = {
				ASSETCATALOG_COMPILER_APPICON_NAME = AppIcon;
				CODE_SIGN_STYLE = Automatic;
				DEFINES_MODULE = YES;
				DEVELOPMENT_TEAM = J852A2SNP2;
				INFOPLIST_FILE = TemplateFromH/Info.plist;
				LD_RUNPATH_SEARCH_PATHS = (
					"$(inherited)",
					"@executable_path/Frameworks",
				);
				PRODUCT_BUNDLE_IDENTIFIER = com.January.TemplateFromH;
				PRODUCT_NAME = "$(TARGET_NAME)";
				SWIFT_OBJC_BRIDGING_HEADER = "/Users/shihao/Documents/GitHub库/TemplateFromH/TemplateFromH/Expand(扩展)/Macros(宏)/TemplateFromH-Bridging-Header.h";
				SWIFT_VERSION = 4.0;
				TARGETED_DEVICE_FAMILY = "1,2";
			};
			name = Debug;
		};
		4D0732C7228D4C6C008DCADC /* Release */ = {
			isa = XCBuildConfiguration;
			baseConfigurationReference = 19682DF6B7CC762FEF2DE89A /* Pods-TemplateFromH.release.xcconfig */;
			buildSettings = {
				ASSETCATALOG_COMPILER_APPICON_NAME = AppIcon;
				CODE_SIGN_STYLE = Automatic;
				DEFINES_MODULE = YES;
				DEVELOPMENT_TEAM = J852A2SNP2;
				INFOPLIST_FILE = TemplateFromH/Info.plist;
				LD_RUNPATH_SEARCH_PATHS = (
					"$(inherited)",
					"@executable_path/Frameworks",
				);
				PRODUCT_BUNDLE_IDENTIFIER = com.January.TemplateFromH;
				PRODUCT_NAME = "$(TARGET_NAME)";
				SWIFT_OBJC_BRIDGING_HEADER = "/Users/shihao/Documents/GitHub库/TemplateFromH/TemplateFromH/Expand(扩展)/Macros(宏)/TemplateFromH-Bridging-Header.h";
				SWIFT_VERSION = 4.0;
				TARGETED_DEVICE_FAMILY = "1,2";
			};
			name = Release;
		};
		4D0732C9228D4C6C008DCADC /* Debug */ = {
			isa = XCBuildConfiguration;
			buildSettings = {
				ALWAYS_EMBED_SWIFT_STANDARD_LIBRARIES = YES;
				BUNDLE_LOADER = "$(TEST_HOST)";
				CODE_SIGN_STYLE = Automatic;
				DEVELOPMENT_TEAM = J852A2SNP2;
				INFOPLIST_FILE = TemplateFromHTests/Info.plist;
				LD_RUNPATH_SEARCH_PATHS = (
					"$(inherited)",
					"@executable_path/Frameworks",
					"@loader_path/Frameworks",
				);
				PRODUCT_BUNDLE_IDENTIFIER = com.January.TemplateFromHTests;
				PRODUCT_NAME = "$(TARGET_NAME)";
				TARGETED_DEVICE_FAMILY = "1,2";
				TEST_HOST = "$(BUILT_PRODUCTS_DIR)/TemplateFromH.app/TemplateFromH";
			};
			name = Debug;
		};
		4D0732CA228D4C6C008DCADC /* Release */ = {
			isa = XCBuildConfiguration;
			buildSettings = {
				ALWAYS_EMBED_SWIFT_STANDARD_LIBRARIES = YES;
				BUNDLE_LOADER = "$(TEST_HOST)";
				CODE_SIGN_STYLE = Automatic;
				DEVELOPMENT_TEAM = J852A2SNP2;
				INFOPLIST_FILE = TemplateFromHTests/Info.plist;
				LD_RUNPATH_SEARCH_PATHS = (
					"$(inherited)",
					"@executable_path/Frameworks",
					"@loader_path/Frameworks",
				);
				PRODUCT_BUNDLE_IDENTIFIER = com.January.TemplateFromHTests;
				PRODUCT_NAME = "$(TARGET_NAME)";
				TARGETED_DEVICE_FAMILY = "1,2";
				TEST_HOST = "$(BUILT_PRODUCTS_DIR)/TemplateFromH.app/TemplateFromH";
			};
			name = Release;
		};
		4D0732CC228D4C6C008DCADC /* Debug */ = {
			isa = XCBuildConfiguration;
			buildSettings = {
				ALWAYS_EMBED_SWIFT_STANDARD_LIBRARIES = YES;
				CODE_SIGN_STYLE = Automatic;
				DEVELOPMENT_TEAM = J852A2SNP2;
				INFOPLIST_FILE = TemplateFromHUITests/Info.plist;
				LD_RUNPATH_SEARCH_PATHS = (
					"$(inherited)",
					"@executable_path/Frameworks",
					"@loader_path/Frameworks",
				);
				PRODUCT_BUNDLE_IDENTIFIER = com.January.TemplateFromHUITests;
				PRODUCT_NAME = "$(TARGET_NAME)";
				TARGETED_DEVICE_FAMILY = "1,2";
				TEST_TARGET_NAME = TemplateFromH;
			};
			name = Debug;
		};
		4D0732CD228D4C6C008DCADC /* Release */ = {
			isa = XCBuildConfiguration;
			buildSettings = {
				ALWAYS_EMBED_SWIFT_STANDARD_LIBRARIES = YES;
				CODE_SIGN_STYLE = Automatic;
				DEVELOPMENT_TEAM = J852A2SNP2;
				INFOPLIST_FILE = TemplateFromHUITests/Info.plist;
				LD_RUNPATH_SEARCH_PATHS = (
					"$(inherited)",
					"@executable_path/Frameworks",
					"@loader_path/Frameworks",
				);
				PRODUCT_BUNDLE_IDENTIFIER = com.January.TemplateFromHUITests;
				PRODUCT_NAME = "$(TARGET_NAME)";
				TARGETED_DEVICE_FAMILY = "1,2";
				TEST_TARGET_NAME = TemplateFromH;
			};
			name = Release;
		};
/* End XCBuildConfiguration section */

/* Begin XCConfigurationList section */
		4D073291228D4C6A008DCADC /* Build configuration list for PBXProject "TemplateFromH" */ = {
			isa = XCConfigurationList;
			buildConfigurations = (
				4D0732C3228D4C6C008DCADC /* Debug */,
				4D0732C4228D4C6C008DCADC /* Release */,
			);
			defaultConfigurationIsVisible = 0;
			defaultConfigurationName = Release;
		};
		4D0732C5228D4C6C008DCADC /* Build configuration list for PBXNativeTarget "TemplateFromH" */ = {
			isa = XCConfigurationList;
			buildConfigurations = (
				4D0732C6228D4C6C008DCADC /* Debug */,
				4D0732C7228D4C6C008DCADC /* Release */,
			);
			defaultConfigurationIsVisible = 0;
			defaultConfigurationName = Release;
		};
		4D0732C8228D4C6C008DCADC /* Build configuration list for PBXNativeTarget "TemplateFromHTests" */ = {
			isa = XCConfigurationList;
			buildConfigurations = (
				4D0732C9228D4C6C008DCADC /* Debug */,
				4D0732CA228D4C6C008DCADC /* Release */,
			);
			defaultConfigurationIsVisible = 0;
			defaultConfigurationName = Release;
		};
		4D0732CB228D4C6C008DCADC /* Build configuration list for PBXNativeTarget "TemplateFromHUITests" */ = {
			isa = XCConfigurationList;
			buildConfigurations = (
				4D0732CC228D4C6C008DCADC /* Debug */,
				4D0732CD228D4C6C008DCADC /* Release */,
			);
			defaultConfigurationIsVisible = 0;
			defaultConfigurationName = Release;
		};
/* End XCConfigurationList section */

/* Begin XCVersionGroup section */
		4D0732A2228D4C6A008DCADC /* TemplateFromH.xcdatamodeld */ = {
			isa = XCVersionGroup;
			children = (
				4D0732A3228D4C6A008DCADC /* TemplateFromH.xcdatamodel */,
			);
			currentVersion = 4D0732A3228D4C6A008DCADC /* TemplateFromH.xcdatamodel */;
			path = TemplateFromH.xcdatamodeld;
			sourceTree = "<group>";
			versionGroupType = wrapper.xcdatamodel;
		};
/* End XCVersionGroup section */
	};
	rootObject = 4D07328E228D4C6A008DCADC /* Project object */;
}
